# This file is automatically @generated by Poetry 1.8.2 and should not be changed by hand.

[[package]]
name = "duckdb"
version = "0.10.0"
description = "DuckDB in-process database"
optional = false
python-versions = ">=3.7.0"
files = [
    {file = "duckdb-0.10.0-cp310-cp310-macosx_10_9_universal2.whl", hash = "sha256:bd0ffb3fddef0f72a150e4d76e10942a84a1a0447d10907df1621b90d6668060"},
    {file = "duckdb-0.10.0-cp310-cp310-macosx_10_9_x86_64.whl", hash = "sha256:f3d709d5c7c1a12b5e10d0b05fa916c670cd2b50178e3696faa0cc16048a1745"},
    {file = "duckdb-0.10.0-cp310-cp310-macosx_11_0_arm64.whl", hash = "sha256:9114aa22ec5d591a20ce5184be90f49d8e5b5348ceaab21e102c54560d07a5f8"},
    {file = "duckdb-0.10.0-cp310-cp310-manylinux_2_17_aarch64.manylinux2014_aarch64.whl", hash = "sha256:77a37877efadf39caf7cadde0f430fedf762751b9c54750c821e2f1316705a21"},
    {file = "duckdb-0.10.0-cp310-cp310-manylinux_2_17_x86_64.manylinux2014_x86_64.whl", hash = "sha256:87cbc9e1d9c3fc9f14307bea757f99f15f46843c0ab13a6061354410824ed41f"},
    {file = "duckdb-0.10.0-cp310-cp310-manylinux_2_24_aarch64.manylinux_2_28_aarch64.whl", hash = "sha256:f0bfec79fed387201550517d325dff4fad2705020bc139d936cab08b9e845662"},
    {file = "duckdb-0.10.0-cp310-cp310-musllinux_1_1_x86_64.whl", hash = "sha256:c5622134d2d9796b15e09de810e450859d4beb46d9b861357ec9ae40a61b775c"},
    {file = "duckdb-0.10.0-cp310-cp310-win_amd64.whl", hash = "sha256:089ee8e831ccaef1b73fc89c43b661567175eed0115454880bafed5e35cda702"},
    {file = "duckdb-0.10.0-cp311-cp311-macosx_10_9_universal2.whl", hash = "sha256:a05af63747f1d7021995f0811c333dee7316cec3b06c0d3e4741b9bdb678dd21"},
    {file = "duckdb-0.10.0-cp311-cp311-macosx_10_9_x86_64.whl", hash = "sha256:072d6eba5d8a59e0069a8b5b4252fed8a21f9fe3f85a9129d186a39b3d0aea03"},
    {file = "duckdb-0.10.0-cp311-cp311-macosx_11_0_arm64.whl", hash = "sha256:a77b85668f59b919042832e4659538337f1c7f197123076c5311f1c9cf077df7"},
    {file = "duckdb-0.10.0-cp311-cp311-manylinux_2_17_aarch64.manylinux2014_aarch64.whl", hash = "sha256:96a666f1d2da65d03199a977aec246920920a5ea1da76b70ae02bd4fb1ffc48c"},
    {file = "duckdb-0.10.0-cp311-cp311-manylinux_2_17_x86_64.manylinux2014_x86_64.whl", hash = "sha256:2ec76a4262b783628d26612d184834852d9c92fb203e91af789100c17e3d7173"},
    {file = "duckdb-0.10.0-cp311-cp311-manylinux_2_24_aarch64.manylinux_2_28_aarch64.whl", hash = "sha256:009dd9d2cdbd3b061a9efbdfc79f2d1a8377bcf49f1e5f430138621f8c083a6c"},
    {file = "duckdb-0.10.0-cp311-cp311-musllinux_1_1_x86_64.whl", hash = "sha256:878f06766088090dad4a2e5ee0081555242b2e8dcb29415ecc97e388cf0cf8d8"},
    {file = "duckdb-0.10.0-cp311-cp311-win_amd64.whl", hash = "sha256:713ff0a1fb63a6d60f454acf67f31656549fb5d63f21ac68314e4f522daa1a89"},
    {file = "duckdb-0.10.0-cp312-cp312-macosx_10_9_universal2.whl", hash = "sha256:9c0ee450dfedfb52dd4957244e31820feef17228da31af6d052979450a80fd19"},
    {file = "duckdb-0.10.0-cp312-cp312-macosx_10_9_x86_64.whl", hash = "sha256:ff79b2ea9994398b545c0d10601cd73565fbd09f8951b3d8003c7c5c0cebc7cb"},
    {file = "duckdb-0.10.0-cp312-cp312-macosx_11_0_arm64.whl", hash = "sha256:6bdf1aa71b924ef651062e6b8ff9981ad85bec89598294af8a072062c5717340"},
    {file = "duckdb-0.10.0-cp312-cp312-manylinux_2_17_aarch64.manylinux2014_aarch64.whl", hash = "sha256:d0265bbc8216be3ced7b377ba8847128a3fc0ef99798a3c4557c1b88e3a01c23"},
    {file = "duckdb-0.10.0-cp312-cp312-manylinux_2_17_x86_64.manylinux2014_x86_64.whl", hash = "sha256:1d418a315a07707a693bd985274c0f8c4dd77015d9ef5d8d3da4cc1942fd82e0"},
    {file = "duckdb-0.10.0-cp312-cp312-manylinux_2_24_aarch64.manylinux_2_28_aarch64.whl", hash = "sha256:2828475a292e68c71855190b818aded6bce7328f79e38c04a0c75f8f1c0ceef0"},
    {file = "duckdb-0.10.0-cp312-cp312-musllinux_1_1_x86_64.whl", hash = "sha256:c3aaeaae2eba97035c65f31ffdb18202c951337bf2b3d53d77ce1da8ae2ecf51"},
    {file = "duckdb-0.10.0-cp312-cp312-win_amd64.whl", hash = "sha256:c51790aaaea97d8e4a58a114c371ed8d2c4e1ca7cbf29e3bdab6d8ccfc5afc1e"},
    {file = "duckdb-0.10.0-cp37-cp37m-macosx_10_9_x86_64.whl", hash = "sha256:8af1ae7cc77a12206b6c47ade191882cc8f49f750bb3e72bb86ac1d4fa89926a"},
    {file = "duckdb-0.10.0-cp37-cp37m-manylinux_2_17_aarch64.manylinux2014_aarch64.whl", hash = "sha256:aa4f7e8e8dc0e376aeb280b83f2584d0e25ec38985c27d19f3107b2edc4f4a97"},
    {file = "duckdb-0.10.0-cp37-cp37m-manylinux_2_17_x86_64.manylinux2014_x86_64.whl", hash = "sha256:28ae942a79fad913defa912b56483cd7827a4e7721f4ce4bc9025b746ecb3c89"},
    {file = "duckdb-0.10.0-cp37-cp37m-manylinux_2_24_aarch64.manylinux_2_28_aarch64.whl", hash = "sha256:01b57802898091455ca2a32c1335aac1e398da77c99e8a96a1e5de09f6a0add9"},
    {file = "duckdb-0.10.0-cp37-cp37m-musllinux_1_1_x86_64.whl", hash = "sha256:52e1ad4a55fa153d320c367046b9500578192e01c6d04308ba8b540441736f2c"},
    {file = "duckdb-0.10.0-cp37-cp37m-win_amd64.whl", hash = "sha256:904c47d04095af745e989c853f0bfc0776913dfc40dfbd2da7afdbbb5f67fed0"},
    {file = "duckdb-0.10.0-cp38-cp38-macosx_10_9_universal2.whl", hash = "sha256:184ae7ea5874f3b8fa51ab0f1519bdd088a0b78c32080ee272b1d137e2c8fd9c"},
    {file = "duckdb-0.10.0-cp38-cp38-macosx_10_9_x86_64.whl", hash = "sha256:bd33982ecc9bac727a032d6cedced9f19033cbad56647147408891eb51a6cb37"},
    {file = "duckdb-0.10.0-cp38-cp38-macosx_11_0_arm64.whl", hash = "sha256:f59bf0949899105dd5f8864cb48139bfb78454a8c017b8258ba2b5e90acf7afc"},
    {file = "duckdb-0.10.0-cp38-cp38-manylinux_2_17_aarch64.manylinux2014_aarch64.whl", hash = "sha256:395f3b18948001e35dceb48a4423d574e38656606d033eef375408b539e7b076"},
    {file = "duckdb-0.10.0-cp38-cp38-manylinux_2_17_x86_64.manylinux2014_x86_64.whl", hash = "sha256:9b8eb2b803be7ee1df70435c33b03a4598cdaf676cd67ad782b288dcff65d781"},
    {file = "duckdb-0.10.0-cp38-cp38-manylinux_2_24_aarch64.manylinux_2_28_aarch64.whl", hash = "sha256:31b2ddd331801064326c8e3587a4db8a31d02aef11332c168f45b3bd92effb41"},
    {file = "duckdb-0.10.0-cp38-cp38-musllinux_1_1_x86_64.whl", hash = "sha256:c8b89e76a041424b8c2026c5dc1f74b53fbbc6c6f650d563259885ab2e7d093d"},
    {file = "duckdb-0.10.0-cp38-cp38-win_amd64.whl", hash = "sha256:79084a82f16c0a54f6bfb7ded5600400c2daa90eb0d83337d81a56924eaee5d4"},
    {file = "duckdb-0.10.0-cp39-cp39-macosx_10_9_universal2.whl", hash = "sha256:79799b3a270dcd9070f677ba510f1e66b112df3068425691bac97c5e278929c7"},
    {file = "duckdb-0.10.0-cp39-cp39-macosx_10_9_x86_64.whl", hash = "sha256:e8fc394bfe3434920cdbcfbdd0ac3ba40902faa1dbda088db0ba44003a45318a"},
    {file = "duckdb-0.10.0-cp39-cp39-macosx_11_0_arm64.whl", hash = "sha256:c116605551b4abf5786243a59bcef02bd69cc51837d0c57cafaa68cdc428aa0c"},
    {file = "duckdb-0.10.0-cp39-cp39-manylinux_2_17_aarch64.manylinux2014_aarch64.whl", hash = "sha256:3191170c3b0a43b0c12644800326f5afdea00d5a4621d59dbbd0c1059139e140"},
    {file = "duckdb-0.10.0-cp39-cp39-manylinux_2_17_x86_64.manylinux2014_x86_64.whl", hash = "sha256:fee69a50eb93c72dc77e7ab1fabe0c38d21a52c5da44a86aa217081e38f9f1bd"},
    {file = "duckdb-0.10.0-cp39-cp39-manylinux_2_24_aarch64.manylinux_2_28_aarch64.whl", hash = "sha256:c5f449e87dacb16b0d145dbe65fa6fdb5a55b2b6911a46d74876e445dd395bac"},
    {file = "duckdb-0.10.0-cp39-cp39-musllinux_1_1_x86_64.whl", hash = "sha256:4487d0df221b17ea4177ad08131bc606b35f25cfadf890987833055b9d10cdf6"},
    {file = "duckdb-0.10.0-cp39-cp39-win_amd64.whl", hash = "sha256:c099ae2ff8fe939fda62da81704f91e2f92ac45e48dc0e37c679c9d243d01e65"},
    {file = "duckdb-0.10.0.tar.gz", hash = "sha256:c02bcc128002aa79e3c9d89b9de25e062d1096a8793bc0d7932317b7977f6845"},
]

[[package]]
name = "numpy"
version = "1.26.4"
description = "Fundamental package for array computing in Python"
optional = false
python-versions = ">=3.9"
files = [
    {file = "numpy-1.26.4-cp310-cp310-macosx_10_9_x86_64.whl", hash = "sha256:9ff0f4f29c51e2803569d7a51c2304de5554655a60c5d776e35b4a41413830d0"},
    {file = "numpy-1.26.4-cp310-cp310-macosx_11_0_arm64.whl", hash = "sha256:2e4ee3380d6de9c9ec04745830fd9e2eccb3e6cf790d39d7b98ffd19b0dd754a"},
    {file = "numpy-1.26.4-cp310-cp310-manylinux_2_17_aarch64.manylinux2014_aarch64.whl", hash = "sha256:d209d8969599b27ad20994c8e41936ee0964e6da07478d6c35016bc386b66ad4"},
    {file = "numpy-1.26.4-cp310-cp310-manylinux_2_17_x86_64.manylinux2014_x86_64.whl", hash = "sha256:ffa75af20b44f8dba823498024771d5ac50620e6915abac414251bd971b4529f"},
    {file = "numpy-1.26.4-cp310-cp310-musllinux_1_1_aarch64.whl", hash = "sha256:62b8e4b1e28009ef2846b4c7852046736bab361f7aeadeb6a5b89ebec3c7055a"},
    {file = "numpy-1.26.4-cp310-cp310-musllinux_1_1_x86_64.whl", hash = "sha256:a4abb4f9001ad2858e7ac189089c42178fcce737e4169dc61321660f1a96c7d2"},
    {file = "numpy-1.26.4-cp310-cp310-win32.whl", hash = "sha256:bfe25acf8b437eb2a8b2d49d443800a5f18508cd811fea3181723922a8a82b07"},
    {file = "numpy-1.26.4-cp310-cp310-win_amd64.whl", hash = "sha256:b97fe8060236edf3662adfc2c633f56a08ae30560c56310562cb4f95500022d5"},
    {file = "numpy-1.26.4-cp311-cp311-macosx_10_9_x86_64.whl", hash = "sha256:4c66707fabe114439db9068ee468c26bbdf909cac0fb58686a42a24de1760c71"},
    {file = "numpy-1.26.4-cp311-cp311-macosx_11_0_arm64.whl", hash = "sha256:edd8b5fe47dab091176d21bb6de568acdd906d1887a4584a15a9a96a1dca06ef"},
    {file = "numpy-1.26.4-cp311-cp311-manylinux_2_17_aarch64.manylinux2014_aarch64.whl", hash = "sha256:7ab55401287bfec946ced39700c053796e7cc0e3acbef09993a9ad2adba6ca6e"},
    {file = "numpy-1.26.4-cp311-cp311-manylinux_2_17_x86_64.manylinux2014_x86_64.whl", hash = "sha256:666dbfb6ec68962c033a450943ded891bed2d54e6755e35e5835d63f4f6931d5"},
    {file = "numpy-1.26.4-cp311-cp311-musllinux_1_1_aarch64.whl", hash = "sha256:96ff0b2ad353d8f990b63294c8986f1ec3cb19d749234014f4e7eb0112ceba5a"},
    {file = "numpy-1.26.4-cp311-cp311-musllinux_1_1_x86_64.whl", hash = "sha256:60dedbb91afcbfdc9bc0b1f3f402804070deed7392c23eb7a7f07fa857868e8a"},
    {file = "numpy-1.26.4-cp311-cp311-win32.whl", hash = "sha256:1af303d6b2210eb850fcf03064d364652b7120803a0b872f5211f5234b399f20"},
    {file = "numpy-1.26.4-cp311-cp311-win_amd64.whl", hash = "sha256:cd25bcecc4974d09257ffcd1f098ee778f7834c3ad767fe5db785be9a4aa9cb2"},
    {file = "numpy-1.26.4-cp312-cp312-macosx_10_9_x86_64.whl", hash = "sha256:b3ce300f3644fb06443ee2222c2201dd3a89ea6040541412b8fa189341847218"},
    {file = "numpy-1.26.4-cp312-cp312-macosx_11_0_arm64.whl", hash = "sha256:03a8c78d01d9781b28a6989f6fa1bb2c4f2d51201cf99d3dd875df6fbd96b23b"},
    {file = "numpy-1.26.4-cp312-cp312-manylinux_2_17_aarch64.manylinux2014_aarch64.whl", hash = "sha256:9fad7dcb1aac3c7f0584a5a8133e3a43eeb2fe127f47e3632d43d677c66c102b"},
    {file = "numpy-1.26.4-cp312-cp312-manylinux_2_17_x86_64.manylinux2014_x86_64.whl", hash = "sha256:675d61ffbfa78604709862923189bad94014bef562cc35cf61d3a07bba02a7ed"},
    {file = "numpy-1.26.4-cp312-cp312-musllinux_1_1_aarch64.whl", hash = "sha256:ab47dbe5cc8210f55aa58e4805fe224dac469cde56b9f731a4c098b91917159a"},
    {file = "numpy-1.26.4-cp312-cp312-musllinux_1_1_x86_64.whl", hash = "sha256:1dda2e7b4ec9dd512f84935c5f126c8bd8b9f2fc001e9f54af255e8c5f16b0e0"},
    {file = "numpy-1.26.4-cp312-cp312-win32.whl", hash = "sha256:50193e430acfc1346175fcbdaa28ffec49947a06918b7b92130744e81e640110"},
    {file = "numpy-1.26.4-cp312-cp312-win_amd64.whl", hash = "sha256:08beddf13648eb95f8d867350f6a018a4be2e5ad54c8d8caed89ebca558b2818"},
    {file = "numpy-1.26.4-cp39-cp39-macosx_10_9_x86_64.whl", hash = "sha256:7349ab0fa0c429c82442a27a9673fc802ffdb7c7775fad780226cb234965e53c"},
    {file = "numpy-1.26.4-cp39-cp39-macosx_11_0_arm64.whl", hash = "sha256:52b8b60467cd7dd1e9ed082188b4e6bb35aa5cdd01777621a1658910745b90be"},
    {file = "numpy-1.26.4-cp39-cp39-manylinux_2_17_aarch64.manylinux2014_aarch64.whl", hash = "sha256:d5241e0a80d808d70546c697135da2c613f30e28251ff8307eb72ba696945764"},
    {file = "numpy-1.26.4-cp39-cp39-manylinux_2_17_x86_64.manylinux2014_x86_64.whl", hash = "sha256:f870204a840a60da0b12273ef34f7051e98c3b5961b61b0c2c1be6dfd64fbcd3"},
    {file = "numpy-1.26.4-cp39-cp39-musllinux_1_1_aarch64.whl", hash = "sha256:679b0076f67ecc0138fd2ede3a8fd196dddc2ad3254069bcb9faf9a79b1cebcd"},
    {file = "numpy-1.26.4-cp39-cp39-musllinux_1_1_x86_64.whl", hash = "sha256:47711010ad8555514b434df65f7d7b076bb8261df1ca9bb78f53d3b2db02e95c"},
    {file = "numpy-1.26.4-cp39-cp39-win32.whl", hash = "sha256:a354325ee03388678242a4d7ebcd08b5c727033fcff3b2f536aea978e15ee9e6"},
    {file = "numpy-1.26.4-cp39-cp39-win_amd64.whl", hash = "sha256:3373d5d70a5fe74a2c1bb6d2cfd9609ecf686d47a2d7b1d37a8f3b6bf6003aea"},
    {file = "numpy-1.26.4-pp39-pypy39_pp73-macosx_10_9_x86_64.whl", hash = "sha256:afedb719a9dcfc7eaf2287b839d8198e06dcd4cb5d276a3df279231138e83d30"},
    {file = "numpy-1.26.4-pp39-pypy39_pp73-manylinux_2_17_x86_64.manylinux2014_x86_64.whl", hash = "sha256:95a7476c59002f2f6c590b9b7b998306fba6a5aa646b1e22ddfeaf8f78c3a29c"},
    {file = "numpy-1.26.4-pp39-pypy39_pp73-win_amd64.whl", hash = "sha256:7e50d0a0cc3189f9cb0aeb3a6a6af18c16f59f004b866cd2be1c14b36134a4a0"},
    {file = "numpy-1.26.4.tar.gz", hash = "sha256:2a02aba9ed12e4ac4eb3ea9421c420301a0c6460d9830d74a9df87efa4912010"},
]

[[package]]
name = "pandas"
version = "2.2.1"
description = "Powerful data structures for data analysis, time series, and statistics"
optional = false
python-versions = ">=3.9"
files = [
    {file = "pandas-2.2.1-cp310-cp310-macosx_10_9_x86_64.whl", hash = "sha256:8df8612be9cd1c7797c93e1c5df861b2ddda0b48b08f2c3eaa0702cf88fb5f88"},
    {file = "pandas-2.2.1-cp310-cp310-macosx_11_0_arm64.whl", hash = "sha256:0f573ab277252ed9aaf38240f3b54cfc90fff8e5cab70411ee1d03f5d51f3944"},
    {file = "pandas-2.2.1-cp310-cp310-manylinux_2_17_aarch64.manylinux2014_aarch64.whl", hash = "sha256:f02a3a6c83df4026e55b63c1f06476c9aa3ed6af3d89b4f04ea656ccdaaaa359"},
    {file = "pandas-2.2.1-cp310-cp310-manylinux_2_17_x86_64.manylinux2014_x86_64.whl", hash = "sha256:c38ce92cb22a4bea4e3929429aa1067a454dcc9c335799af93ba9be21b6beb51"},
    {file = "pandas-2.2.1-cp310-cp310-musllinux_1_1_aarch64.whl", hash = "sha256:c2ce852e1cf2509a69e98358e8458775f89599566ac3775e70419b98615f4b06"},
    {file = "pandas-2.2.1-cp310-cp310-musllinux_1_1_x86_64.whl", hash = "sha256:53680dc9b2519cbf609c62db3ed7c0b499077c7fefda564e330286e619ff0dd9"},
    {file = "pandas-2.2.1-cp310-cp310-win_amd64.whl", hash = "sha256:94e714a1cca63e4f5939cdce5f29ba8d415d85166be3441165edd427dc9f6bc0"},
    {file = "pandas-2.2.1-cp311-cp311-macosx_10_9_x86_64.whl", hash = "sha256:f821213d48f4ab353d20ebc24e4faf94ba40d76680642fb7ce2ea31a3ad94f9b"},
    {file = "pandas-2.2.1-cp311-cp311-macosx_11_0_arm64.whl", hash = "sha256:c70e00c2d894cb230e5c15e4b1e1e6b2b478e09cf27cc593a11ef955b9ecc81a"},
    {file = "pandas-2.2.1-cp311-cp311-manylinux_2_17_aarch64.manylinux2014_aarch64.whl", hash = "sha256:e97fbb5387c69209f134893abc788a6486dbf2f9e511070ca05eed4b930b1b02"},
    {file = "pandas-2.2.1-cp311-cp311-manylinux_2_17_x86_64.manylinux2014_x86_64.whl", hash = "sha256:101d0eb9c5361aa0146f500773395a03839a5e6ecde4d4b6ced88b7e5a1a6403"},
    {file = "pandas-2.2.1-cp311-cp311-musllinux_1_1_aarch64.whl", hash = "sha256:7d2ed41c319c9fb4fd454fe25372028dfa417aacb9790f68171b2e3f06eae8cd"},
    {file = "pandas-2.2.1-cp311-cp311-musllinux_1_1_x86_64.whl", hash = "sha256:af5d3c00557d657c8773ef9ee702c61dd13b9d7426794c9dfeb1dc4a0bf0ebc7"},
    {file = "pandas-2.2.1-cp311-cp311-win_amd64.whl", hash = "sha256:06cf591dbaefb6da9de8472535b185cba556d0ce2e6ed28e21d919704fef1a9e"},
    {file = "pandas-2.2.1-cp312-cp312-macosx_10_9_x86_64.whl", hash = "sha256:88ecb5c01bb9ca927ebc4098136038519aa5d66b44671861ffab754cae75102c"},
    {file = "pandas-2.2.1-cp312-cp312-macosx_11_0_arm64.whl", hash = "sha256:04f6ec3baec203c13e3f8b139fb0f9f86cd8c0b94603ae3ae8ce9a422e9f5bee"},
    {file = "pandas-2.2.1-cp312-cp312-manylinux_2_17_aarch64.manylinux2014_aarch64.whl", hash = "sha256:a935a90a76c44fe170d01e90a3594beef9e9a6220021acfb26053d01426f7dc2"},
    {file = "pandas-2.2.1-cp312-cp312-manylinux_2_17_x86_64.manylinux2014_x86_64.whl", hash = "sha256:c391f594aae2fd9f679d419e9a4d5ba4bce5bb13f6a989195656e7dc4b95c8f0"},
    {file = "pandas-2.2.1-cp312-cp312-musllinux_1_1_aarch64.whl", hash = "sha256:9d1265545f579edf3f8f0cb6f89f234f5e44ba725a34d86535b1a1d38decbccc"},
    {file = "pandas-2.2.1-cp312-cp312-musllinux_1_1_x86_64.whl", hash = "sha256:11940e9e3056576ac3244baef2fedade891977bcc1cb7e5cc8f8cc7d603edc89"},
    {file = "pandas-2.2.1-cp312-cp312-win_amd64.whl", hash = "sha256:4acf681325ee1c7f950d058b05a820441075b0dd9a2adf5c4835b9bc056bf4fb"},
    {file = "pandas-2.2.1-cp39-cp39-macosx_10_9_x86_64.whl", hash = "sha256:9bd8a40f47080825af4317d0340c656744f2bfdb6819f818e6ba3cd24c0e1397"},
    {file = "pandas-2.2.1-cp39-cp39-macosx_11_0_arm64.whl", hash = "sha256:df0c37ebd19e11d089ceba66eba59a168242fc6b7155cba4ffffa6eccdfb8f16"},
    {file = "pandas-2.2.1-cp39-cp39-manylinux_2_17_aarch64.manylinux2014_aarch64.whl", hash = "sha256:739cc70eaf17d57608639e74d63387b0d8594ce02f69e7a0b046f117974b3019"},
    {file = "pandas-2.2.1-cp39-cp39-manylinux_2_17_x86_64.manylinux2014_x86_64.whl", hash = "sha256:f9d3558d263073ed95e46f4650becff0c5e1ffe0fc3a015de3c79283dfbdb3df"},
    {file = "pandas-2.2.1-cp39-cp39-musllinux_1_1_aarch64.whl", hash = "sha256:4aa1d8707812a658debf03824016bf5ea0d516afdea29b7dc14cf687bc4d4ec6"},
    {file = "pandas-2.2.1-cp39-cp39-musllinux_1_1_x86_64.whl", hash = "sha256:76f27a809cda87e07f192f001d11adc2b930e93a2b0c4a236fde5429527423be"},
    {file = "pandas-2.2.1-cp39-cp39-win_amd64.whl", hash = "sha256:1ba21b1d5c0e43416218db63037dbe1a01fc101dc6e6024bcad08123e48004ab"},
    {file = "pandas-2.2.1.tar.gz", hash = "sha256:0ab90f87093c13f3e8fa45b48ba9f39181046e8f3317d3aadb2fffbb1b978572"},
]

[package.dependencies]
numpy = [
    {version = ">=1.22.4,<2", markers = "python_version < \"3.11\""},
    {version = ">=1.23.2,<2", markers = "python_version == \"3.11\""},
    {version = ">=1.26.0,<2", markers = "python_version >= \"3.12\""},
]
python-dateutil = ">=2.8.2"
pytz = ">=2020.1"
tzdata = ">=2022.7"

[package.extras]
all = ["PyQt5 (>=5.15.9)", "SQLAlchemy (>=2.0.0)", "adbc-driver-postgresql (>=0.8.0)", "adbc-driver-sqlite (>=0.8.0)", "beautifulsoup4 (>=4.11.2)", "bottleneck (>=1.3.6)", "dataframe-api-compat (>=0.1.7)", "fastparquet (>=2022.12.0)", "fsspec (>=2022.11.0)", "gcsfs (>=2022.11.0)", "html5lib (>=1.1)", "hypothesis (>=6.46.1)", "jinja2 (>=3.1.2)", "lxml (>=4.9.2)", "matplotlib (>=3.6.3)", "numba (>=0.56.4)", "numexpr (>=2.8.4)", "odfpy (>=1.4.1)", "openpyxl (>=3.1.0)", "pandas-gbq (>=0.19.0)", "psycopg2 (>=2.9.6)", "pyarrow (>=10.0.1)", "pymysql (>=1.0.2)", "pyreadstat (>=1.2.0)", "pytest (>=7.3.2)", "pytest-xdist (>=2.2.0)", "python-calamine (>=0.1.7)", "pyxlsb (>=1.0.10)", "qtpy (>=2.3.0)", "s3fs (>=2022.11.0)", "scipy (>=1.10.0)", "tables (>=3.8.0)", "tabulate (>=0.9.0)", "xarray (>=2022.12.0)", "xlrd (>=2.0.1)", "xlsxwriter (>=3.0.5)", "zstandard (>=0.19.0)"]
aws = ["s3fs (>=2022.11.0)"]
clipboard = ["PyQt5 (>=5.15.9)", "qtpy (>=2.3.0)"]
compression = ["zstandard (>=0.19.0)"]
computation = ["scipy (>=1.10.0)", "xarray (>=2022.12.0)"]
consortium-standard = ["dataframe-api-compat (>=0.1.7)"]
excel = ["odfpy (>=1.4.1)", "openpyxl (>=3.1.0)", "python-calamine (>=0.1.7)", "pyxlsb (>=1.0.10)", "xlrd (>=2.0.1)", "xlsxwriter (>=3.0.5)"]
feather = ["pyarrow (>=10.0.1)"]
fss = ["fsspec (>=2022.11.0)"]
gcp = ["gcsfs (>=2022.11.0)", "pandas-gbq (>=0.19.0)"]
hdf5 = ["tables (>=3.8.0)"]
html = ["beautifulsoup4 (>=4.11.2)", "html5lib (>=1.1)", "lxml (>=4.9.2)"]
mysql = ["SQLAlchemy (>=2.0.0)", "pymysql (>=1.0.2)"]
output-formatting = ["jinja2 (>=3.1.2)", "tabulate (>=0.9.0)"]
parquet = ["pyarrow (>=10.0.1)"]
performance = ["bottleneck (>=1.3.6)", "numba (>=0.56.4)", "numexpr (>=2.8.4)"]
plot = ["matplotlib (>=3.6.3)"]
postgresql = ["SQLAlchemy (>=2.0.0)", "adbc-driver-postgresql (>=0.8.0)", "psycopg2 (>=2.9.6)"]
pyarrow = ["pyarrow (>=10.0.1)"]
spss = ["pyreadstat (>=1.2.0)"]
sql-other = ["SQLAlchemy (>=2.0.0)", "adbc-driver-postgresql (>=0.8.0)", "adbc-driver-sqlite (>=0.8.0)"]
test = ["hypothesis (>=6.46.1)", "pytest (>=7.3.2)", "pytest-xdist (>=2.2.0)"]
xml = ["lxml (>=4.9.2)"]

[[package]]
name = "parquet-cli"
version = "1.3"
description = "Command line (CLI) tool to inspect Apache Parquet files on the go"
optional = false
python-versions = "*"
files = [
    {file = "parquet-cli-1.3.macosx-10.13-x86_64.tar.gz", hash = "sha256:73dbb86f82f0baac3858c198c2d74cc2979e5622bad312a3d5d8ca59a3851d7d"},
    {file = "parquet_cli-1.3-py2.py3-none-any.whl", hash = "sha256:bbcbc05981834afc3ba757796f3e614225676b10553d43ec41b6d18bc5394da2"},
]

[package.dependencies]
pandas = ">=0.22.0"
pyarrow = ">=0.9.0.post1"

[[package]]
name = "pyarrow"
version = "15.0.2"
description = "Python library for Apache Arrow"
optional = false
python-versions = ">=3.8"
files = [
    {file = "pyarrow-15.0.2-cp310-cp310-macosx_10_15_x86_64.whl", hash = "sha256:88b340f0a1d05b5ccc3d2d986279045655b1fe8e41aba6ca44ea28da0d1455d8"},
    {file = "pyarrow-15.0.2-cp310-cp310-macosx_11_0_arm64.whl", hash = "sha256:eaa8f96cecf32da508e6c7f69bb8401f03745c050c1dd42ec2596f2e98deecac"},
    {file = "pyarrow-15.0.2-cp310-cp310-manylinux_2_17_aarch64.manylinux2014_aarch64.whl", hash = "sha256:23c6753ed4f6adb8461e7c383e418391b8d8453c5d67e17f416c3a5d5709afbd"},
    {file = "pyarrow-15.0.2-cp310-cp310-manylinux_2_17_x86_64.manylinux2014_x86_64.whl", hash = "sha256:f639c059035011db8c0497e541a8a45d98a58dbe34dc8fadd0ef128f2cee46e5"},
    {file = "pyarrow-15.0.2-cp310-cp310-manylinux_2_28_aarch64.whl", hash = "sha256:290e36a59a0993e9a5224ed2fb3e53375770f07379a0ea03ee2fce2e6d30b423"},
    {file = "pyarrow-15.0.2-cp310-cp310-manylinux_2_28_x86_64.whl", hash = "sha256:06c2bb2a98bc792f040bef31ad3e9be6a63d0cb39189227c08a7d955db96816e"},
    {file = "pyarrow-15.0.2-cp310-cp310-win_amd64.whl", hash = "sha256:f7a197f3670606a960ddc12adbe8075cea5f707ad7bf0dffa09637fdbb89f76c"},
    {file = "pyarrow-15.0.2-cp311-cp311-macosx_10_15_x86_64.whl", hash = "sha256:5f8bc839ea36b1f99984c78e06e7a06054693dc2af8920f6fb416b5bca9944e4"},
    {file = "pyarrow-15.0.2-cp311-cp311-macosx_11_0_arm64.whl", hash = "sha256:f5e81dfb4e519baa6b4c80410421528c214427e77ca0ea9461eb4097c328fa33"},
    {file = "pyarrow-15.0.2-cp311-cp311-manylinux_2_17_aarch64.manylinux2014_aarch64.whl", hash = "sha256:3a4f240852b302a7af4646c8bfe9950c4691a419847001178662a98915fd7ee7"},
    {file = "pyarrow-15.0.2-cp311-cp311-manylinux_2_17_x86_64.manylinux2014_x86_64.whl", hash = "sha256:4e7d9cfb5a1e648e172428c7a42b744610956f3b70f524aa3a6c02a448ba853e"},
    {file = "pyarrow-15.0.2-cp311-cp311-manylinux_2_28_aarch64.whl", hash = "sha256:2d4f905209de70c0eb5b2de6763104d5a9a37430f137678edfb9a675bac9cd98"},
    {file = "pyarrow-15.0.2-cp311-cp311-manylinux_2_28_x86_64.whl", hash = "sha256:90adb99e8ce5f36fbecbbc422e7dcbcbed07d985eed6062e459e23f9e71fd197"},
    {file = "pyarrow-15.0.2-cp311-cp311-win_amd64.whl", hash = "sha256:b116e7fd7889294cbd24eb90cd9bdd3850be3738d61297855a71ac3b8124ee38"},
    {file = "pyarrow-15.0.2-cp312-cp312-macosx_10_15_x86_64.whl", hash = "sha256:25335e6f1f07fdaa026a61c758ee7d19ce824a866b27bba744348fa73bb5a440"},
    {file = "pyarrow-15.0.2-cp312-cp312-macosx_11_0_arm64.whl", hash = "sha256:90f19e976d9c3d8e73c80be84ddbe2f830b6304e4c576349d9360e335cd627fc"},
    {file = "pyarrow-15.0.2-cp312-cp312-manylinux_2_17_aarch64.manylinux2014_aarch64.whl", hash = "sha256:a22366249bf5fd40ddacc4f03cd3160f2d7c247692945afb1899bab8a140ddfb"},
    {file = "pyarrow-15.0.2-cp312-cp312-manylinux_2_17_x86_64.manylinux2014_x86_64.whl", hash = "sha256:c2a335198f886b07e4b5ea16d08ee06557e07db54a8400cc0d03c7f6a22f785f"},
    {file = "pyarrow-15.0.2-cp312-cp312-manylinux_2_28_aarch64.whl", hash = "sha256:3e6d459c0c22f0b9c810a3917a1de3ee704b021a5fb8b3bacf968eece6df098f"},
    {file = "pyarrow-15.0.2-cp312-cp312-manylinux_2_28_x86_64.whl", hash = "sha256:033b7cad32198754d93465dcfb71d0ba7cb7cd5c9afd7052cab7214676eec38b"},
    {file = "pyarrow-15.0.2-cp312-cp312-win_amd64.whl", hash = "sha256:29850d050379d6e8b5a693098f4de7fd6a2bea4365bfd073d7c57c57b95041ee"},
    {file = "pyarrow-15.0.2-cp38-cp38-macosx_10_15_x86_64.whl", hash = "sha256:7167107d7fb6dcadb375b4b691b7e316f4368f39f6f45405a05535d7ad5e5058"},
    {file = "pyarrow-15.0.2-cp38-cp38-macosx_11_0_arm64.whl", hash = "sha256:e85241b44cc3d365ef950432a1b3bd44ac54626f37b2e3a0cc89c20e45dfd8bf"},
    {file = "pyarrow-15.0.2-cp38-cp38-manylinux_2_17_aarch64.manylinux2014_aarch64.whl", hash = "sha256:248723e4ed3255fcd73edcecc209744d58a9ca852e4cf3d2577811b6d4b59818"},
    {file = "pyarrow-15.0.2-cp38-cp38-manylinux_2_17_x86_64.manylinux2014_x86_64.whl", hash = "sha256:3ff3bdfe6f1b81ca5b73b70a8d482d37a766433823e0c21e22d1d7dde76ca33f"},
    {file = "pyarrow-15.0.2-cp38-cp38-manylinux_2_28_aarch64.whl", hash = "sha256:f3d77463dee7e9f284ef42d341689b459a63ff2e75cee2b9302058d0d98fe142"},
    {file = "pyarrow-15.0.2-cp38-cp38-manylinux_2_28_x86_64.whl", hash = "sha256:8c1faf2482fb89766e79745670cbca04e7018497d85be9242d5350cba21357e1"},
    {file = "pyarrow-15.0.2-cp38-cp38-win_amd64.whl", hash = "sha256:28f3016958a8e45a1069303a4a4f6a7d4910643fc08adb1e2e4a7ff056272ad3"},
    {file = "pyarrow-15.0.2-cp39-cp39-macosx_10_15_x86_64.whl", hash = "sha256:89722cb64286ab3d4daf168386f6968c126057b8c7ec3ef96302e81d8cdb8ae4"},
    {file = "pyarrow-15.0.2-cp39-cp39-macosx_11_0_arm64.whl", hash = "sha256:cd0ba387705044b3ac77b1b317165c0498299b08261d8122c96051024f953cd5"},
    {file = "pyarrow-15.0.2-cp39-cp39-manylinux_2_17_aarch64.manylinux2014_aarch64.whl", hash = "sha256:ad2459bf1f22b6a5cdcc27ebfd99307d5526b62d217b984b9f5c974651398832"},
    {file = "pyarrow-15.0.2-cp39-cp39-manylinux_2_17_x86_64.manylinux2014_x86_64.whl", hash = "sha256:58922e4bfece8b02abf7159f1f53a8f4d9f8e08f2d988109126c17c3bb261f22"},
    {file = "pyarrow-15.0.2-cp39-cp39-manylinux_2_28_aarch64.whl", hash = "sha256:adccc81d3dc0478ea0b498807b39a8d41628fa9210729b2f718b78cb997c7c91"},
    {file = "pyarrow-15.0.2-cp39-cp39-manylinux_2_28_x86_64.whl", hash = "sha256:8bd2baa5fe531571847983f36a30ddbf65261ef23e496862ece83bdceb70420d"},
    {file = "pyarrow-15.0.2-cp39-cp39-win_amd64.whl", hash = "sha256:6669799a1d4ca9da9c7e06ef48368320f5856f36f9a4dd31a11839dda3f6cc8c"},
    {file = "pyarrow-15.0.2.tar.gz", hash = "sha256:9c9bc803cb3b7bfacc1e96ffbfd923601065d9d3f911179d81e72d99fd74a3d9"},
]

[package.dependencies]
numpy = ">=1.16.6,<2"

[[package]]
name = "python-dateutil"
version = "2.9.0.post0"
description = "Extensions to the standard Python datetime module"
optional = false
python-versions = "!=3.0.*,!=3.1.*,!=3.2.*,>=2.7"
files = [
    {file = "python-dateutil-2.9.0.post0.tar.gz", hash = "sha256:37dd54208da7e1cd875388217d5e00ebd4179249f90fb72437e91a35459a0ad3"},
    {file = "python_dateutil-2.9.0.post0-py2.py3-none-any.whl", hash = "sha256:a8b2bc7bffae282281c8140a97d3aa9c14da0b136dfe83f850eea9a5f7470427"},
]

[package.dependencies]
six = ">=1.5"

[[package]]
name = "pytz"
version = "2024.1"
description = "World timezone definitions, modern and historical"
optional = false
python-versions = "*"
files = [
    {file = "pytz-2024.1-py2.py3-none-any.whl", hash = "sha256:328171f4e3623139da4983451950b28e95ac706e13f3f2630a879749e7a8b319"},
    {file = "pytz-2024.1.tar.gz", hash = "sha256:2a29735ea9c18baf14b448846bde5a48030ed267578472d8955cd0e7443a9812"},
]

[[package]]
name = "six"
version = "1.16.0"
description = "Python 2 and 3 compatibility utilities"
optional = false
python-versions = ">=2.7, !=3.0.*, !=3.1.*, !=3.2.*"
files = [
    {file = "six-1.16.0-py2.py3-none-any.whl", hash = "sha256:8abb2f1d86890a2dfb989f9a77cfcfd3e47c2a354b01111771326f8aa26e0254"},
    {file = "six-1.16.0.tar.gz", hash = "sha256:1e61c37477a1626458e36f7b1d82aa5c9b094fa4802892072e49de9c60c4c926"},
]

[[package]]
name = "tzdata"
version = "2024.1"
description = "Provider of IANA time zone data"
optional = false
python-versions = ">=2"
files = [
    {file = "tzdata-2024.1-py2.py3-none-any.whl", hash = "sha256:9068bc196136463f5245e51efda838afa15aaeca9903f49050dfa2679db4d252"},
    {file = "tzdata-2024.1.tar.gz", hash = "sha256:2674120f8d891909751c38abcdfd386ac0a5a1127954fbc332af6b5ceae07efd"},
]

[metadata]
lock-version = "2.0"
python-versions = "^3.10"
content-hash = "552757c179ad8fd7e5963f45244913f966cdf7fda34023459b4f6da0f88efb5c"
